
Microsoft Visual Studio Solution File, Format Version 12.00
# Visual Studio Version 16
VisualStudioVersion = 16.0.30011.22
MinimumVisualStudioVersion = 10.0.40219.1
Project("{FAE04EC0-301F-11D3-BF4B-00C04F79EFBC}") = "TRMDataManager", "TRMDataManager\TRMDataManager.csproj", "{3F0F73E0-8BF5-4E22-BEA3-7D2E953EEEBC}"
EndProject
Global
	GlobalSection(SolutionConfigurationPlatforms) = preSolution
		Debug|Any CPU = Debug|Any CPU
		Release|Any CPU = Release|Any CPU
	EndGlobalSection
	GlobalSection(ProjectConfigurationPlatforms) = postSolution
		{3F0F73E0-8BF5-4E22-BEA3-7D2E953EEEBC}.Debug|Any CPU.ActiveCfg = Debug|Any CPU
		{3F0F73E0-8BF5-4E22-BEA3-7D2E953EEEBC}.Debug|Any CPU.Build.0 = Debug|Any CPU
		{3F0F73E0-8BF5-4E22-BEA3-7D2E953EEEBC}.Release|Any CPU.ActiveCfg = Release|Any CPU
		{3F0F73E0-8BF5-4E22-BEA3-7D2E953EEEBC}.Release|Any CPU.Build.0 = Release|Any CPU
	EndGlobalSection
	GlobalSection(SolutionProperties) = preSolution
		HideSolutionNode = FALSE
	EndGlobalSection
	GlobalSection(ExtensibilityGlobals) = postSolution
		SolutionGuid = {C752E801-CBF5-4056-B608-9080B2E8A027}
	EndGlobalSection
EndGlobal
